{
  "pins" : [
    {
      "identity" : "feedkit",
      "kind" : "remoteSourceControl",
      "location" : "https://github.com/pexavc/FeedKit",
      "state" : {
        "branch" : "master",
        "revision" : "f216bcf2a76f63b11ecf98e7021120f2fa395cbb"
      }
    },
    {
      "identity" : "lemmykit",
      "kind" : "remoteSourceControl",
      "location" : "https://github.com/pexavc/LemmyKit",
      "state" : {
        "branch" : "main",
        "revision" : "8e185744236de9a9f45d129fd3c3e955423f40ca"
      }
    },
    {
      "identity" : "mastodonkit",
      "kind" : "remoteSourceControl",
      "location" : "https://github.com/pexavc/MastodonKit",
      "state" : {
        "branch" : "master",
        "revision" : "b21dfbf6ae4c510d440d069b02bc9b07e627ed95"
      }
    }
  ],
  "version" : 2
}
