{
  "pins" : [
    {
      "identity" : "lemmykit",
      "kind" : "remoteSourceControl",
      "location" : "https://github.com/pexavc/LemmyKit",
      "state" : {
        "branch" : "main",
        "revision" : "43cc856ce27ea098bdd0dbf8911a145eceb7dea1"
      }
    },
    {
      "identity" : "mastodonkit",
      "kind" : "remoteSourceControl",
      "location" : "https://github.com/pexavc/MastodonKit",
      "state" : {
        "branch" : "master",
        "revision" : "b21dfbf6ae4c510d440d069b02bc9b07e627ed95"
      }
    }
  ],
  "version" : 2
}
